
Microsoft Visual Studio Solution File, Format Version 12.00
# Visual Studio 14
VisualStudioVersion = 14.0.25420.1
MinimumVisualStudioVersion = 10.0.40219.1
Project("{8BC9CEB8-8B4A-11D0-8D11-00A0C91BC942}") = "glfw", "glfw\glfw.vcxproj", "{CEE5E456-738B-4267-845E-B9E357F4363E}"
EndProject
Project("{2150E333-8FDC-42A3-9474-1A3956D46DE8}") = "glfw_tests", "glfw_tests", "{73DCF450-3C71-4669-A635-74E32BBE7584}"
EndProject
Project("{8BC9CEB8-8B4A-11D0-8D11-00A0C91BC942}") = "glfw_clipboard_test", "tests\glfw_clipboard_test\glfw_clipboard_test.vcxproj", "{C08F6E48-58DA-4338-9D75-BCA68291BE74}"
	ProjectSection(ProjectDependencies) = postProject
		{CEE5E456-738B-4267-845E-B9E357F4363E} = {CEE5E456-738B-4267-845E-B9E357F4363E}
	EndProjectSection
EndProject
Project("{8BC9CEB8-8B4A-11D0-8D11-00A0C91BC942}") = "glfw_empty_test", "tests\glfw_empty_test\glfw_empty_test.vcxproj", "{5F855446-95D1-48C5-957D-033AC4C45E7A}"
	ProjectSection(ProjectDependencies) = postProject
		{CEE5E456-738B-4267-845E-B9E357F4363E} = {CEE5E456-738B-4267-845E-B9E357F4363E}
	EndProjectSection
EndProject
Project("{8BC9CEB8-8B4A-11D0-8D11-00A0C91BC942}") = "glfw_events_test", "tests\glfw_events_test\glfw_events_test.vcxproj", "{15506E5E-D447-4B2C-950D-8CC69DBB37ED}"
	ProjectSection(ProjectDependencies) = postProject
		{CEE5E456-738B-4267-845E-B9E357F4363E} = {CEE5E456-738B-4267-845E-B9E357F4363E}
	EndProjectSection
EndProject
Project("{8BC9CEB8-8B4A-11D0-8D11-00A0C91BC942}") = "glfw_gamma_test", "tests\glfw_gamma_test\glfw_gamma_test.vcxproj", "{19FD9F4F-C489-4F58-B0FD-880E2EE384CB}"
	ProjectSection(ProjectDependencies) = postProject
		{CEE5E456-738B-4267-845E-B9E357F4363E} = {CEE5E456-738B-4267-845E-B9E357F4363E}
	EndProjectSection
EndProject
Project("{8BC9CEB8-8B4A-11D0-8D11-00A0C91BC942}") = "glfw_glfwinfo_test", "tests\glfw_glfwinfo_test\glfw_glfwinfo_test.vcxproj", "{51EC365C-30B5-42D9-A068-FBACC0B02BAA}"
	ProjectSection(ProjectDependencies) = postProject
		{CEE5E456-738B-4267-845E-B9E357F4363E} = {CEE5E456-738B-4267-845E-B9E357F4363E}
	EndProjectSection
EndProject
Project("{8BC9CEB8-8B4A-11D0-8D11-00A0C91BC942}") = "glfw_cursor_test", "tests\glfw_cursor_test\glfw_cursor_test.vcxproj", "{4687251A-FCB7-47CA-B7E1-968039BFB73C}"
	ProjectSection(ProjectDependencies) = postProject
		{CEE5E456-738B-4267-845E-B9E357F4363E} = {CEE5E456-738B-4267-845E-B9E357F4363E}
	EndProjectSection
EndProject
Project("{8BC9CEB8-8B4A-11D0-8D11-00A0C91BC942}") = "glfw_icon_test", "tests\glfw_icon_test\glfw_icon_test.vcxproj", "{2A8E2B71-4E99-42DD-81FC-1DB3506DB468}"
	ProjectSection(ProjectDependencies) = postProject
		{CEE5E456-738B-4267-845E-B9E357F4363E} = {CEE5E456-738B-4267-845E-B9E357F4363E}
	EndProjectSection
EndProject
Project("{8BC9CEB8-8B4A-11D0-8D11-00A0C91BC942}") = "glfw_iconify_test", "tests\glfw_iconify_test\glfw_iconify_test.vcxproj", "{B2858F78-BEA4-4541-801B-F3184E744815}"
	ProjectSection(ProjectDependencies) = postProject
		{CEE5E456-738B-4267-845E-B9E357F4363E} = {CEE5E456-738B-4267-845E-B9E357F4363E}
	EndProjectSection
EndProject
Project("{8BC9CEB8-8B4A-11D0-8D11-00A0C91BC942}") = "glfw_joysticks_test", "tests\glfw_joysticks\glfw_joysticks.vcxproj", "{4FD186AB-ACB3-49F9-9AB8-B999A28BA11F}"
	ProjectSection(ProjectDependencies) = postProject
		{CEE5E456-738B-4267-845E-B9E357F4363E} = {CEE5E456-738B-4267-845E-B9E357F4363E}
	EndProjectSection
EndProject
Project("{8BC9CEB8-8B4A-11D0-8D11-00A0C91BC942}") = "glfw_monitors_test", "tests\glfw_monitors_test\glfw_monitors_test.vcxproj", "{9950ACA9-F37A-4648-8BFA-384F44FCB15C}"
	ProjectSection(ProjectDependencies) = postProject
		{CEE5E456-738B-4267-845E-B9E357F4363E} = {CEE5E456-738B-4267-845E-B9E357F4363E}
	EndProjectSection
EndProject
Project("{8BC9CEB8-8B4A-11D0-8D11-00A0C91BC942}") = "glfw_msaa_test", "tests\glfw_msaa_test\glfw_msaa_test.vcxproj", "{77E7B0FB-10FC-4A58-949D-C25033CB7086}"
	ProjectSection(ProjectDependencies) = postProject
		{CEE5E456-738B-4267-845E-B9E357F4363E} = {CEE5E456-738B-4267-845E-B9E357F4363E}
	EndProjectSection
EndProject
Project("{8BC9CEB8-8B4A-11D0-8D11-00A0C91BC942}") = "glfw_reopen_test", "tests\glfw_reopen_test\glfw_reopen_test.vcxproj", "{0151A597-A973-4323-BDEE-C2FFA7231976}"
	ProjectSection(ProjectDependencies) = postProject
		{CEE5E456-738B-4267-845E-B9E357F4363E} = {CEE5E456-738B-4267-845E-B9E357F4363E}
	EndProjectSection
EndProject
Project("{8BC9CEB8-8B4A-11D0-8D11-00A0C91BC942}") = "glfw_sharing_test", "tests\glfw_sharing_test\glfw_sharing_test.vcxproj", "{B4F9FE19-8497-4F9A-819C-933801C6E7A3}"
	ProjectSection(ProjectDependencies) = postProject
		{CEE5E456-738B-4267-845E-B9E357F4363E} = {CEE5E456-738B-4267-845E-B9E357F4363E}
	EndProjectSection
EndProject
Project("{8BC9CEB8-8B4A-11D0-8D11-00A0C91BC942}") = "glfw_tearing_test", "tests\glfw_tearing_test\glfw_tearing_test.vcxproj", "{694FB428-176C-4609-8257-B6F20BDF7960}"
	ProjectSection(ProjectDependencies) = postProject
		{CEE5E456-738B-4267-845E-B9E357F4363E} = {CEE5E456-738B-4267-845E-B9E357F4363E}
	EndProjectSection
EndProject
Project("{8BC9CEB8-8B4A-11D0-8D11-00A0C91BC942}") = "glfw_threads_test", "tests\glfw_threads_test\glfw_threads_test.vcxproj", "{020C5C56-1A26-40E9-AD00-F9879333685F}"
	ProjectSection(ProjectDependencies) = postProject
		{CEE5E456-738B-4267-845E-B9E357F4363E} = {CEE5E456-738B-4267-845E-B9E357F4363E}
	EndProjectSection
EndProject
Project("{8BC9CEB8-8B4A-11D0-8D11-00A0C91BC942}") = "glfw_timeout_test", "tests\glfw_timeout_test\glfw_timeout_test.vcxproj", "{B3FA1877-EEB4-41F6-9233-6F19A2801C33}"
	ProjectSection(ProjectDependencies) = postProject
		{CEE5E456-738B-4267-845E-B9E357F4363E} = {CEE5E456-738B-4267-845E-B9E357F4363E}
	EndProjectSection
EndProject
Project("{8BC9CEB8-8B4A-11D0-8D11-00A0C91BC942}") = "glfw_title_test", "tests\glfw_title_test\glfw_title_test.vcxproj", "{ACD8F180-A6C8-432F-80F6-7122C00120FE}"
	ProjectSection(ProjectDependencies) = postProject
		{CEE5E456-738B-4267-845E-B9E357F4363E} = {CEE5E456-738B-4267-845E-B9E357F4363E}
	EndProjectSection
EndProject
Project("{8BC9CEB8-8B4A-11D0-8D11-00A0C91BC942}") = "glfw_windows_test", "tests\glfw_windows_test\glfw_windows_test.vcxproj", "{457249D8-4533-460D-8A5E-42B553C297C0}"
	ProjectSection(ProjectDependencies) = postProject
		{CEE5E456-738B-4267-845E-B9E357F4363E} = {CEE5E456-738B-4267-845E-B9E357F4363E}
	EndProjectSection
EndProject
Project("{8BC9CEB8-8B4A-11D0-8D11-00A0C91BC942}") = "glfw_vulkan_test", "tests\glfw_vulkan_test\glfw_vulkan_test.vcxproj", "{13EDC260-8483-40DF-AFC5-E743ED0781FB}"
	ProjectSection(ProjectDependencies) = postProject
		{CEE5E456-738B-4267-845E-B9E357F4363E} = {CEE5E456-738B-4267-845E-B9E357F4363E}
	EndProjectSection
EndProject
Global
	GlobalSection(SolutionConfigurationPlatforms) = preSolution
		Debug|x64 = Debug|x64
		Debug|x86 = Debug|x86
		Release|x64 = Release|x64
		Release|x86 = Release|x86
	EndGlobalSection
	GlobalSection(ProjectConfigurationPlatforms) = postSolution
		{CEE5E456-738B-4267-845E-B9E357F4363E}.Debug|x64.ActiveCfg = Debug|x64
		{CEE5E456-738B-4267-845E-B9E357F4363E}.Debug|x64.Build.0 = Debug|x64
		{CEE5E456-738B-4267-845E-B9E357F4363E}.Debug|x86.ActiveCfg = Debug|Win32
		{CEE5E456-738B-4267-845E-B9E357F4363E}.Debug|x86.Build.0 = Debug|Win32
		{CEE5E456-738B-4267-845E-B9E357F4363E}.Release|x64.ActiveCfg = Release|x64
		{CEE5E456-738B-4267-845E-B9E357F4363E}.Release|x64.Build.0 = Release|x64
		{CEE5E456-738B-4267-845E-B9E357F4363E}.Release|x86.ActiveCfg = Release|Win32
		{CEE5E456-738B-4267-845E-B9E357F4363E}.Release|x86.Build.0 = Release|Win32
		{C08F6E48-58DA-4338-9D75-BCA68291BE74}.Debug|x64.ActiveCfg = Debug|x64
		{C08F6E48-58DA-4338-9D75-BCA68291BE74}.Debug|x64.Build.0 = Debug|x64
		{C08F6E48-58DA-4338-9D75-BCA68291BE74}.Debug|x86.ActiveCfg = Debug|Win32
		{C08F6E48-58DA-4338-9D75-BCA68291BE74}.Debug|x86.Build.0 = Debug|Win32
		{C08F6E48-58DA-4338-9D75-BCA68291BE74}.Release|x64.ActiveCfg = Release|x64
		{C08F6E48-58DA-4338-9D75-BCA68291BE74}.Release|x64.Build.0 = Release|x64
		{C08F6E48-58DA-4338-9D75-BCA68291BE74}.Release|x86.ActiveCfg = Release|Win32
		{C08F6E48-58DA-4338-9D75-BCA68291BE74}.Release|x86.Build.0 = Release|Win32
		{5F855446-95D1-48C5-957D-033AC4C45E7A}.Debug|x64.ActiveCfg = Debug|x64
		{5F855446-95D1-48C5-957D-033AC4C45E7A}.Debug|x64.Build.0 = Debug|x64
		{5F855446-95D1-48C5-957D-033AC4C45E7A}.Debug|x86.ActiveCfg = Debug|Win32
		{5F855446-95D1-48C5-957D-033AC4C45E7A}.Debug|x86.Build.0 = Debug|Win32
		{5F855446-95D1-48C5-957D-033AC4C45E7A}.Release|x64.ActiveCfg = Release|x64
		{5F855446-95D1-48C5-957D-033AC4C45E7A}.Release|x64.Build.0 = Release|x64
		{5F855446-95D1-48C5-957D-033AC4C45E7A}.Release|x86.ActiveCfg = Release|Win32
		{5F855446-95D1-48C5-957D-033AC4C45E7A}.Release|x86.Build.0 = Release|Win32
		{15506E5E-D447-4B2C-950D-8CC69DBB37ED}.Debug|x64.ActiveCfg = Debug|x64
		{15506E5E-D447-4B2C-950D-8CC69DBB37ED}.Debug|x64.Build.0 = Debug|x64
		{15506E5E-D447-4B2C-950D-8CC69DBB37ED}.Debug|x86.ActiveCfg = Debug|Win32
		{15506E5E-D447-4B2C-950D-8CC69DBB37ED}.Debug|x86.Build.0 = Debug|Win32
		{15506E5E-D447-4B2C-950D-8CC69DBB37ED}.Release|x64.ActiveCfg = Release|x64
		{15506E5E-D447-4B2C-950D-8CC69DBB37ED}.Release|x64.Build.0 = Release|x64
		{15506E5E-D447-4B2C-950D-8CC69DBB37ED}.Release|x86.ActiveCfg = Release|Win32
		{15506E5E-D447-4B2C-950D-8CC69DBB37ED}.Release|x86.Build.0 = Release|Win32
		{19FD9F4F-C489-4F58-B0FD-880E2EE384CB}.Debug|x64.ActiveCfg = Debug|x64
		{19FD9F4F-C489-4F58-B0FD-880E2EE384CB}.Debug|x64.Build.0 = Debug|x64
		{19FD9F4F-C489-4F58-B0FD-880E2EE384CB}.Debug|x86.ActiveCfg = Debug|Win32
		{19FD9F4F-C489-4F58-B0FD-880E2EE384CB}.Debug|x86.Build.0 = Debug|Win32
		{19FD9F4F-C489-4F58-B0FD-880E2EE384CB}.Release|x64.ActiveCfg = Release|x64
		{19FD9F4F-C489-4F58-B0FD-880E2EE384CB}.Release|x64.Build.0 = Release|x64
		{19FD9F4F-C489-4F58-B0FD-880E2EE384CB}.Release|x86.ActiveCfg = Release|Win32
		{19FD9F4F-C489-4F58-B0FD-880E2EE384CB}.Release|x86.Build.0 = Release|Win32
		{51EC365C-30B5-42D9-A068-FBACC0B02BAA}.Debug|x64.ActiveCfg = Debug|x64
		{51EC365C-30B5-42D9-A068-FBACC0B02BAA}.Debug|x64.Build.0 = Debug|x64
		{51EC365C-30B5-42D9-A068-FBACC0B02BAA}.Debug|x86.ActiveCfg = Debug|Win32
		{51EC365C-30B5-42D9-A068-FBACC0B02BAA}.Debug|x86.Build.0 = Debug|Win32
		{51EC365C-30B5-42D9-A068-FBACC0B02BAA}.Release|x64.ActiveCfg = Release|x64
		{51EC365C-30B5-42D9-A068-FBACC0B02BAA}.Release|x64.Build.0 = Release|x64
		{51EC365C-30B5-42D9-A068-FBACC0B02BAA}.Release|x86.ActiveCfg = Release|Win32
		{51EC365C-30B5-42D9-A068-FBACC0B02BAA}.Release|x86.Build.0 = Release|Win32
		{4687251A-FCB7-47CA-B7E1-968039BFB73C}.Debug|x64.ActiveCfg = Debug|x64
		{4687251A-FCB7-47CA-B7E1-968039BFB73C}.Debug|x64.Build.0 = Debug|x64
		{4687251A-FCB7-47CA-B7E1-968039BFB73C}.Debug|x86.ActiveCfg = Debug|Win32
		{4687251A-FCB7-47CA-B7E1-968039BFB73C}.Debug|x86.Build.0 = Debug|Win32
		{4687251A-FCB7-47CA-B7E1-968039BFB73C}.Release|x64.ActiveCfg = Release|x64
		{4687251A-FCB7-47CA-B7E1-968039BFB73C}.Release|x64.Build.0 = Release|x64
		{4687251A-FCB7-47CA-B7E1-968039BFB73C}.Release|x86.ActiveCfg = Release|Win32
		{4687251A-FCB7-47CA-B7E1-968039BFB73C}.Release|x86.Build.0 = Release|Win32
		{2A8E2B71-4E99-42DD-81FC-1DB3506DB468}.Debug|x64.ActiveCfg = Debug|x64
		{2A8E2B71-4E99-42DD-81FC-1DB3506DB468}.Debug|x64.Build.0 = Debug|x64
		{2A8E2B71-4E99-42DD-81FC-1DB3506DB468}.Debug|x86.ActiveCfg = Debug|Win32
		{2A8E2B71-4E99-42DD-81FC-1DB3506DB468}.Debug|x86.Build.0 = Debug|Win32
		{2A8E2B71-4E99-42DD-81FC-1DB3506DB468}.Release|x64.ActiveCfg = Release|x64
		{2A8E2B71-4E99-42DD-81FC-1DB3506DB468}.Release|x64.Build.0 = Release|x64
		{2A8E2B71-4E99-42DD-81FC-1DB3506DB468}.Release|x86.ActiveCfg = Release|Win32
		{2A8E2B71-4E99-42DD-81FC-1DB3506DB468}.Release|x86.Build.0 = Release|Win32
		{B2858F78-BEA4-4541-801B-F3184E744815}.Debug|x64.ActiveCfg = Debug|x64
		{B2858F78-BEA4-4541-801B-F3184E744815}.Debug|x64.Build.0 = Debug|x64
		{B2858F78-BEA4-4541-801B-F3184E744815}.Debug|x86.ActiveCfg = Debug|Win32
		{B2858F78-BEA4-4541-801B-F3184E744815}.Debug|x86.Build.0 = Debug|Win32
		{B2858F78-BEA4-4541-801B-F3184E744815}.Release|x64.ActiveCfg = Release|x64
		{B2858F78-BEA4-4541-801B-F3184E744815}.Release|x64.Build.0 = Release|x64
		{B2858F78-BEA4-4541-801B-F3184E744815}.Release|x86.ActiveCfg = Release|Win32
		{B2858F78-BEA4-4541-801B-F3184E744815}.Release|x86.Build.0 = Release|Win32
		{4FD186AB-ACB3-49F9-9AB8-B999A28BA11F}.Debug|x64.ActiveCfg = Debug|x64
		{4FD186AB-ACB3-49F9-9AB8-B999A28BA11F}.Debug|x64.Build.0 = Debug|x64
		{4FD186AB-ACB3-49F9-9AB8-B999A28BA11F}.Debug|x86.ActiveCfg = Debug|Win32
		{4FD186AB-ACB3-49F9-9AB8-B999A28BA11F}.Debug|x86.Build.0 = Debug|Win32
		{4FD186AB-ACB3-49F9-9AB8-B999A28BA11F}.Release|x64.ActiveCfg = Release|x64
		{4FD186AB-ACB3-49F9-9AB8-B999A28BA11F}.Release|x64.Build.0 = Release|x64
		{4FD186AB-ACB3-49F9-9AB8-B999A28BA11F}.Release|x86.ActiveCfg = Release|Win32
		{4FD186AB-ACB3-49F9-9AB8-B999A28BA11F}.Release|x86.Build.0 = Release|Win32
		{9950ACA9-F37A-4648-8BFA-384F44FCB15C}.Debug|x64.ActiveCfg = Debug|x64
		{9950ACA9-F37A-4648-8BFA-384F44FCB15C}.Debug|x64.Build.0 = Debug|x64
		{9950ACA9-F37A-4648-8BFA-384F44FCB15C}.Debug|x86.ActiveCfg = Debug|Win32
		{9950ACA9-F37A-4648-8BFA-384F44FCB15C}.Debug|x86.Build.0 = Debug|Win32
		{9950ACA9-F37A-4648-8BFA-384F44FCB15C}.Release|x64.ActiveCfg = Release|x64
		{9950ACA9-F37A-4648-8BFA-384F44FCB15C}.Release|x64.Build.0 = Release|x64
		{9950ACA9-F37A-4648-8BFA-384F44FCB15C}.Release|x86.ActiveCfg = Release|Win32
		{9950ACA9-F37A-4648-8BFA-384F44FCB15C}.Release|x86.Build.0 = Release|Win32
		{77E7B0FB-10FC-4A58-949D-C25033CB7086}.Debug|x64.ActiveCfg = Debug|x64
		{77E7B0FB-10FC-4A58-949D-C25033CB7086}.Debug|x64.Build.0 = Debug|x64
		{77E7B0FB-10FC-4A58-949D-C25033CB7086}.Debug|x86.ActiveCfg = Debug|Win32
		{77E7B0FB-10FC-4A58-949D-C25033CB7086}.Debug|x86.Build.0 = Debug|Win32
		{77E7B0FB-10FC-4A58-949D-C25033CB7086}.Release|x64.ActiveCfg = Release|x64
		{77E7B0FB-10FC-4A58-949D-C25033CB7086}.Release|x64.Build.0 = Release|x64
		{77E7B0FB-10FC-4A58-949D-C25033CB7086}.Release|x86.ActiveCfg = Release|Win32
		{77E7B0FB-10FC-4A58-949D-C25033CB7086}.Release|x86.Build.0 = Release|Win32
		{0151A597-A973-4323-BDEE-C2FFA7231976}.Debug|x64.ActiveCfg = Debug|x64
		{0151A597-A973-4323-BDEE-C2FFA7231976}.Debug|x64.Build.0 = Debug|x64
		{0151A597-A973-4323-BDEE-C2FFA7231976}.Debug|x86.ActiveCfg = Debug|Win32
		{0151A597-A973-4323-BDEE-C2FFA7231976}.Debug|x86.Build.0 = Debug|Win32
		{0151A597-A973-4323-BDEE-C2FFA7231976}.Release|x64.ActiveCfg = Release|x64
		{0151A597-A973-4323-BDEE-C2FFA7231976}.Release|x64.Build.0 = Release|x64
		{0151A597-A973-4323-BDEE-C2FFA7231976}.Release|x86.ActiveCfg = Release|Win32
		{0151A597-A973-4323-BDEE-C2FFA7231976}.Release|x86.Build.0 = Release|Win32
		{B4F9FE19-8497-4F9A-819C-933801C6E7A3}.Debug|x64.ActiveCfg = Debug|x64
		{B4F9FE19-8497-4F9A-819C-933801C6E7A3}.Debug|x64.Build.0 = Debug|x64
		{B4F9FE19-8497-4F9A-819C-933801C6E7A3}.Debug|x86.ActiveCfg = Debug|Win32
		{B4F9FE19-8497-4F9A-819C-933801C6E7A3}.Debug|x86.Build.0 = Debug|Win32
		{B4F9FE19-8497-4F9A-819C-933801C6E7A3}.Release|x64.ActiveCfg = Release|x64
		{B4F9FE19-8497-4F9A-819C-933801C6E7A3}.Release|x64.Build.0 = Release|x64
		{B4F9FE19-8497-4F9A-819C-933801C6E7A3}.Release|x86.ActiveCfg = Release|Win32
		{B4F9FE19-8497-4F9A-819C-933801C6E7A3}.Release|x86.Build.0 = Release|Win32
		{694FB428-176C-4609-8257-B6F20BDF7960}.Debug|x64.ActiveCfg = Debug|x64
		{694FB428-176C-4609-8257-B6F20BDF7960}.Debug|x64.Build.0 = Debug|x64
		{694FB428-176C-4609-8257-B6F20BDF7960}.Debug|x86.ActiveCfg = Debug|Win32
		{694FB428-176C-4609-8257-B6F20BDF7960}.Debug|x86.Build.0 = Debug|Win32
		{694FB428-176C-4609-8257-B6F20BDF7960}.Release|x64.ActiveCfg = Release|x64
		{694FB428-176C-4609-8257-B6F20BDF7960}.Release|x64.Build.0 = Release|x64
		{694FB428-176C-4609-8257-B6F20BDF7960}.Release|x86.ActiveCfg = Release|Win32
		{694FB428-176C-4609-8257-B6F20BDF7960}.Release|x86.Build.0 = Release|Win32
		{020C5C56-1A26-40E9-AD00-F9879333685F}.Debug|x64.ActiveCfg = Debug|x64
		{020C5C56-1A26-40E9-AD00-F9879333685F}.Debug|x64.Build.0 = Debug|x64
		{020C5C56-1A26-40E9-AD00-F9879333685F}.Debug|x86.ActiveCfg = Debug|Win32
		{020C5C56-1A26-40E9-AD00-F9879333685F}.Debug|x86.Build.0 = Debug|Win32
		{020C5C56-1A26-40E9-AD00-F9879333685F}.Release|x64.ActiveCfg = Release|x64
		{020C5C56-1A26-40E9-AD00-F9879333685F}.Release|x64.Build.0 = Release|x64
		{020C5C56-1A26-40E9-AD00-F9879333685F}.Release|x86.ActiveCfg = Release|Win32
		{020C5C56-1A26-40E9-AD00-F9879333685F}.Release|x86.Build.0 = Release|Win32
		{B3FA1877-EEB4-41F6-9233-6F19A2801C33}.Debug|x64.ActiveCfg = Debug|x64
		{B3FA1877-EEB4-41F6-9233-6F19A2801C33}.Debug|x64.Build.0 = Debug|x64
		{B3FA1877-EEB4-41F6-9233-6F19A2801C33}.Debug|x86.ActiveCfg = Debug|Win32
		{B3FA1877-EEB4-41F6-9233-6F19A2801C33}.Debug|x86.Build.0 = Debug|Win32
		{B3FA1877-EEB4-41F6-9233-6F19A2801C33}.Release|x64.ActiveCfg = Release|x64
		{B3FA1877-EEB4-41F6-9233-6F19A2801C33}.Release|x64.Build.0 = Release|x64
		{B3FA1877-EEB4-41F6-9233-6F19A2801C33}.Release|x86.ActiveCfg = Release|Win32
		{B3FA1877-EEB4-41F6-9233-6F19A2801C33}.Release|x86.Build.0 = Release|Win32
		{ACD8F180-A6C8-432F-80F6-7122C00120FE}.Debug|x64.ActiveCfg = Debug|x64
		{ACD8F180-A6C8-432F-80F6-7122C00120FE}.Debug|x64.Build.0 = Debug|x64
		{ACD8F180-A6C8-432F-80F6-7122C00120FE}.Debug|x86.ActiveCfg = Debug|Win32
		{ACD8F180-A6C8-432F-80F6-7122C00120FE}.Debug|x86.Build.0 = Debug|Win32
		{ACD8F180-A6C8-432F-80F6-7122C00120FE}.Release|x64.ActiveCfg = Release|x64
		{ACD8F180-A6C8-432F-80F6-7122C00120FE}.Release|x64.Build.0 = Release|x64
		{ACD8F180-A6C8-432F-80F6-7122C00120FE}.Release|x86.ActiveCfg = Release|Win32
		{ACD8F180-A6C8-432F-80F6-7122C00120FE}.Release|x86.Build.0 = Release|Win32
		{457249D8-4533-460D-8A5E-42B553C297C0}.Debug|x64.ActiveCfg = Debug|x64
		{457249D8-4533-460D-8A5E-42B553C297C0}.Debug|x64.Build.0 = Debug|x64
		{457249D8-4533-460D-8A5E-42B553C297C0}.Debug|x86.ActiveCfg = Debug|Win32
		{457249D8-4533-460D-8A5E-42B553C297C0}.Debug|x86.Build.0 = Debug|Win32
		{457249D8-4533-460D-8A5E-42B553C297C0}.Release|x64.ActiveCfg = Release|x64
		{457249D8-4533-460D-8A5E-42B553C297C0}.Release|x64.Build.0 = Release|x64
		{457249D8-4533-460D-8A5E-42B553C297C0}.Release|x86.ActiveCfg = Release|Win32
		{457249D8-4533-460D-8A5E-42B553C297C0}.Release|x86.Build.0 = Release|Win32
		{13EDC260-8483-40DF-AFC5-E743ED0781FB}.Debug|x64.ActiveCfg = Debug|x64
		{13EDC260-8483-40DF-AFC5-E743ED0781FB}.Debug|x64.Build.0 = Debug|x64
		{13EDC260-8483-40DF-AFC5-E743ED0781FB}.Debug|x86.ActiveCfg = Debug|Win32
		{13EDC260-8483-40DF-AFC5-E743ED0781FB}.Debug|x86.Build.0 = Debug|Win32
		{13EDC260-8483-40DF-AFC5-E743ED0781FB}.Release|x64.ActiveCfg = Release|x64
		{13EDC260-8483-40DF-AFC5-E743ED0781FB}.Release|x64.Build.0 = Release|x64
		{13EDC260-8483-40DF-AFC5-E743ED0781FB}.Release|x86.ActiveCfg = Release|Win32
		{13EDC260-8483-40DF-AFC5-E743ED0781FB}.Release|x86.Build.0 = Release|Win32
	EndGlobalSection
	GlobalSection(SolutionProperties) = preSolution
		HideSolutionNode = FALSE
	EndGlobalSection
	GlobalSection(NestedProjects) = preSolution
		{C08F6E48-58DA-4338-9D75-BCA68291BE74} = {73DCF450-3C71-4669-A635-74E32BBE7584}
		{5F855446-95D1-48C5-957D-033AC4C45E7A} = {73DCF450-3C71-4669-A635-74E32BBE7584}
		{15506E5E-D447-4B2C-950D-8CC69DBB37ED} = {73DCF450-3C71-4669-A635-74E32BBE7584}
		{19FD9F4F-C489-4F58-B0FD-880E2EE384CB} = {73DCF450-3C71-4669-A635-74E32BBE7584}
		{51EC365C-30B5-42D9-A068-FBACC0B02BAA} = {73DCF450-3C71-4669-A635-74E32BBE7584}
		{4687251A-FCB7-47CA-B7E1-968039BFB73C} = {73DCF450-3C71-4669-A635-74E32BBE7584}
		{2A8E2B71-4E99-42DD-81FC-1DB3506DB468} = {73DCF450-3C71-4669-A635-74E32BBE7584}
		{B2858F78-BEA4-4541-801B-F3184E744815} = {73DCF450-3C71-4669-A635-74E32BBE7584}
		{4FD186AB-ACB3-49F9-9AB8-B999A28BA11F} = {73DCF450-3C71-4669-A635-74E32BBE7584}
		{9950ACA9-F37A-4648-8BFA-384F44FCB15C} = {73DCF450-3C71-4669-A635-74E32BBE7584}
		{77E7B0FB-10FC-4A58-949D-C25033CB7086} = {73DCF450-3C71-4669-A635-74E32BBE7584}
		{0151A597-A973-4323-BDEE-C2FFA7231976} = {73DCF450-3C71-4669-A635-74E32BBE7584}
		{B4F9FE19-8497-4F9A-819C-933801C6E7A3} = {73DCF450-3C71-4669-A635-74E32BBE7584}
		{694FB428-176C-4609-8257-B6F20BDF7960} = {73DCF450-3C71-4669-A635-74E32BBE7584}
		{020C5C56-1A26-40E9-AD00-F9879333685F} = {73DCF450-3C71-4669-A635-74E32BBE7584}
		{B3FA1877-EEB4-41F6-9233-6F19A2801C33} = {73DCF450-3C71-4669-A635-74E32BBE7584}
		{ACD8F180-A6C8-432F-80F6-7122C00120FE} = {73DCF450-3C71-4669-A635-74E32BBE7584}
		{457249D8-4533-460D-8A5E-42B553C297C0} = {73DCF450-3C71-4669-A635-74E32BBE7584}
		{13EDC260-8483-40DF-AFC5-E743ED0781FB} = {73DCF450-3C71-4669-A635-74E32BBE7584}
	EndGlobalSection
EndGlobal
